
Microsoft Visual Studio Solution File, Format Version 12.00
# Visual Studio Version 16
VisualStudioVersion = 16.0.29709.97
MinimumVisualStudioVersion = 10.0.40219.1
Project("{FAE04EC0-301F-11D3-BF4B-00C04F79EFBC}") = "DAL", "DAL\DAL.csproj", "{410215E8-5CA6-4B1E-95F7-E70EBCF0479E}"
EndProject
Project("{FAE04EC0-301F-11D3-BF4B-00C04F79EFBC}") = "Entities", "Entities\Entities.csproj", "{7C6EE3EB-D2C2-4281-9A7D-DAB18D02CBBD}"
EndProject
Global
	GlobalSection(SolutionConfigurationPlatforms) = preSolution
		Debug|Any CPU = Debug|Any CPU
		Release|Any CPU = Release|Any CPU
	EndGlobalSection
	GlobalSection(ProjectConfigurationPlatforms) = postSolution
		{410215E8-5CA6-4B1E-95F7-E70EBCF0479E}.Debug|Any CPU.ActiveCfg = Debug|Any CPU
		{410215E8-5CA6-4B1E-95F7-E70EBCF0479E}.Debug|Any CPU.Build.0 = Debug|Any CPU
		{410215E8-5CA6-4B1E-95F7-E70EBCF0479E}.Release|Any CPU.ActiveCfg = Release|Any CPU
		{410215E8-5CA6-4B1E-95F7-E70EBCF0479E}.Release|Any CPU.Build.0 = Release|Any CPU
		{7C6EE3EB-D2C2-4281-9A7D-DAB18D02CBBD}.Debug|Any CPU.ActiveCfg = Debug|Any CPU
		{7C6EE3EB-D2C2-4281-9A7D-DAB18D02CBBD}.Debug|Any CPU.Build.0 = Debug|Any CPU
		{7C6EE3EB-D2C2-4281-9A7D-DAB18D02CBBD}.Release|Any CPU.ActiveCfg = Release|Any CPU
		{7C6EE3EB-D2C2-4281-9A7D-DAB18D02CBBD}.Release|Any CPU.Build.0 = Release|Any CPU
	EndGlobalSection
	GlobalSection(SolutionProperties) = preSolution
		HideSolutionNode = FALSE
	EndGlobalSection
	GlobalSection(ExtensibilityGlobals) = postSolution
		SolutionGuid = {69A0BB51-9384-416F-92B2-1F95354545DC}
	EndGlobalSection
EndGlobal
